
Microsoft Visual Studio Solution File, Format Version 12.00
# Visual Studio Version 16
VisualStudioVersion = 16.0.30907.101
MinimumVisualStudioVersion = 10.0.40219.1
Project("{FAE04EC0-301F-11D3-BF4B-00C04F79EFBC}") = "EFSample", "EFSample\EFSample.csproj", "{1D5AD417-AFDB-4685-89EC-8A4A0C83DD3F}"
EndProject
Global
	GlobalSection(SolutionConfigurationPlatforms) = preSolution
		Debug|Any CPU = Debug|Any CPU
		Release|Any CPU = Release|Any CPU
	EndGlobalSection
	GlobalSection(ProjectConfigurationPlatforms) = postSolution
		{1D5AD417-AFDB-4685-89EC-8A4A0C83DD3F}.Debug|Any CPU.ActiveCfg = Debug|Any CPU
		{1D5AD417-AFDB-4685-89EC-8A4A0C83DD3F}.Debug|Any CPU.Build.0 = Debug|Any CPU
		{1D5AD417-AFDB-4685-89EC-8A4A0C83DD3F}.Release|Any CPU.ActiveCfg = Release|Any CPU
		{1D5AD417-AFDB-4685-89EC-8A4A0C83DD3F}.Release|Any CPU.Build.0 = Release|Any CPU
	EndGlobalSection
	GlobalSection(SolutionProperties) = preSolution
		HideSolutionNode = FALSE
	EndGlobalSection
	GlobalSection(ExtensibilityGlobals) = postSolution
		SolutionGuid = {5CC589D1-B0DA-4B9F-BB21-C422D6000011}
	EndGlobalSection
EndGlobal
